// !$*UTF8*$!
{
	archiveVersion = 1;
	classes = {
	};
	objectVersion = 46;
	objects = {

/* Begin PBXBuildFile section */
		3A8419921A8485580026BCAD /* main.m in Sources */ = {isa = PBXBuildFile; fileRef = 3A8419911A8485580026BCAD /* main.m */; };
		3A8419951A8485580026BCAD /* AppDelegate.m in Sources */ = {isa = PBXBuildFile; fileRef = 3A8419941A8485580026BCAD /* AppDelegate.m */; };
		3A8419981A8485580026BCAD /* ViewController.m in Sources */ = {isa = PBXBuildFile; fileRef = 3A8419971A8485580026BCAD /* ViewController.m */; };
		3A84199B1A8485580026BCAD /* Main.storyboard in Resources */ = {isa = PBXBuildFile; fileRef = 3A8419991A8485580026BCAD /* Main.storyboard */; };
		3A84199D1A8485580026BCAD /* Images.xcassets in Resources */ = {isa = PBXBuildFile; fileRef = 3A84199C1A8485580026BCAD /* Images.xcassets */; };
		3A8419A01A8485580026BCAD /* LaunchScreen.xib in Resources */ = {isa = PBXBuildFile; fileRef = 3A84199E1A8485580026BCAD /* LaunchScreen.xib */; };
		3A8419AC1A8485580026BCAD /* SpringAppTests.m in Sources */ = {isa = PBXBuildFile; fileRef = 3A8419AB1A8485580026BCAD /* SpringAppTests.m */; };
		3A8419B81A8485890026BCAD /* Spring.m in Sources */ = {isa = PBXBuildFile; fileRef = 3A8419B71A8485890026BCAD /* Spring.m */; };
		3A8419BA1A84860E0026BCAD /* CoreGraphics.framework in Frameworks */ = {isa = PBXBuildFile; fileRef = 3A8419B91A84860E0026BCAD /* CoreGraphics.framework */; };
		3A8419BC1A8487D50026BCAD /* QuartzCore.framework in Frameworks */ = {isa = PBXBuildFile; fileRef = 3A8419BB1A8487D50026BCAD /* QuartzCore.framework */; };
		3A8419BF1A84921A0026BCAD /* CoreFoundation.framework in Frameworks */ = {isa = PBXBuildFile; fileRef = 3A8419BE1A84921A0026BCAD /* CoreFoundation.framework */; };
		3A8419C21A84B5220026BCAD /* SpringButton.m in Sources */ = {isa = PBXBuildFile; fileRef = 3A8419C11A84B5220026BCAD /* SpringButton.m */; };
		3A8419C51A84BC720026BCAD /* SpringImageView.m in Sources */ = {isa = PBXBuildFile; fileRef = 3A8419C41A84BC720026BCAD /* SpringImageView.m */; };
		3A8419C81A84BD2D0026BCAD /* SpringView.m in Sources */ = {isa = PBXBuildFile; fileRef = 3A8419C71A84BD2D0026BCAD /* SpringView.m */; };
		3AE451EE1A8848CC00989D19 /* LoadingView.xib in Resources */ = {isa = PBXBuildFile; fileRef = 3AE451ED1A8848CC00989D19 /* LoadingView.xib */; };
		3AE451F11A8848DE00989D19 /* LoadingView.m in Sources */ = {isa = PBXBuildFile; fileRef = 3AE451F01A8848DE00989D19 /* LoadingView.m */; };
		3AE451F41A884ABC00989D19 /* Misc.m in Sources */ = {isa = PBXBuildFile; fileRef = 3AE451F31A884ABC00989D19 /* Misc.m */; };
		3AE451F71A88507400989D19 /* SpringAnimation.m in Sources */ = {isa = PBXBuildFile; fileRef = 3AE451F61A88507400989D19 /* SpringAnimation.m */; };
		3AE451FA1A88570400989D19 /* TransitionManager.m in Sources */ = {isa = PBXBuildFile; fileRef = 3AE451F91A88570400989D19 /* TransitionManager.m */; };
		3AE451FD1A88611500989D19 /* KeyboardLayoutConstraint.m in Sources */ = {isa = PBXBuildFile; fileRef = 3AE451FC1A88611500989D19 /* KeyboardLayoutConstraint.m */; };
		3AE452001A8864CE00989D19 /* TransitionZoom.m in Sources */ = {isa = PBXBuildFile; fileRef = 3AE451FF1A8864CE00989D19 /* TransitionZoom.m */; };
/* End PBXBuildFile section */

/* Begin PBXContainerItemProxy section */
		3A8419A61A8485580026BCAD /* PBXContainerItemProxy */ = {
			isa = PBXContainerItemProxy;
			containerPortal = 3A8419841A8485580026BCAD /* Project object */;
			proxyType = 1;
			remoteGlobalIDString = 3A84198B1A8485580026BCAD;
			remoteInfo = SpringApp;
		};
/* End PBXContainerItemProxy section */

/* Begin PBXFileReference section */
		3A84198C1A8485580026BCAD /* SpringApp.app */ = {isa = PBXFileReference; explicitFileType = wrapper.application; includeInIndex = 0; path = SpringApp.app; sourceTree = BUILT_PRODUCTS_DIR; };
		3A8419901A8485580026BCAD /* Info.plist */ = {isa = PBXFileReference; lastKnownFileType = text.plist.xml; path = Info.plist; sourceTree = "<group>"; };
		3A8419911A8485580026BCAD /* main.m */ = {isa = PBXFileReference; lastKnownFileType = sourcecode.c.objc; path = main.m; sourceTree = "<group>"; };
		3A8419931A8485580026BCAD /* AppDelegate.h */ = {isa = PBXFileReference; lastKnownFileType = sourcecode.c.h; path = AppDelegate.h; sourceTree = "<group>"; };
		3A8419941A8485580026BCAD /* AppDelegate.m */ = {isa = PBXFileReference; lastKnownFileType = sourcecode.c.objc; path = AppDelegate.m; sourceTree = "<group>"; };
		3A8419961A8485580026BCAD /* ViewController.h */ = {isa = PBXFileReference; lastKnownFileType = sourcecode.c.h; path = ViewController.h; sourceTree = "<group>"; };
		3A8419971A8485580026BCAD /* ViewController.m */ = {isa = PBXFileReference; lastKnownFileType = sourcecode.c.objc; path = ViewController.m; sourceTree = "<group>"; };
		3A84199A1A8485580026BCAD /* Base */ = {isa = PBXFileReference; lastKnownFileType = file.storyboard; name = Base; path = Base.lproj/Main.storyboard; sourceTree = "<group>"; };
		3A84199C1A8485580026BCAD /* Images.xcassets */ = {isa = PBXFileReference; lastKnownFileType = folder.assetcatalog; path = Images.xcassets; sourceTree = "<group>"; };
		3A84199F1A8485580026BCAD /* Base */ = {isa = PBXFileReference; lastKnownFileType = file.xib; name = Base; path = Base.lproj/LaunchScreen.xib; sourceTree = "<group>"; };
		3A8419A51A8485580026BCAD /* SpringAppTests.xctest */ = {isa = PBXFileReference; explicitFileType = wrapper.cfbundle; includeInIndex = 0; path = SpringAppTests.xctest; sourceTree = BUILT_PRODUCTS_DIR; };
		3A8419AA1A8485580026BCAD /* Info.plist */ = {isa = PBXFileReference; lastKnownFileType = text.plist.xml; path = Info.plist; sourceTree = "<group>"; };
		3A8419AB1A8485580026BCAD /* SpringAppTests.m */ = {isa = PBXFileReference; lastKnownFileType = sourcecode.c.objc; path = SpringAppTests.m; sourceTree = "<group>"; };
		3A8419B61A8485890026BCAD /* Spring.h */ = {isa = PBXFileReference; fileEncoding = 4; lastKnownFileType = sourcecode.c.h; path = Spring.h; sourceTree = "<group>"; };
		3A8419B71A8485890026BCAD /* Spring.m */ = {isa = PBXFileReference; fileEncoding = 4; lastKnownFileType = sourcecode.c.objc; path = Spring.m; sourceTree = "<group>"; };
		3A8419B91A84860E0026BCAD /* CoreGraphics.framework */ = {isa = PBXFileReference; lastKnownFileType = wrapper.framework; name = CoreGraphics.framework; path = System/Library/Frameworks/CoreGraphics.framework; sourceTree = SDKROOT; };
		3A8419BB1A8487D50026BCAD /* QuartzCore.framework */ = {isa = PBXFileReference; lastKnownFileType = wrapper.framework; name = QuartzCore.framework; path = System/Library/Frameworks/QuartzCore.framework; sourceTree = SDKROOT; };
		3A8419BE1A84921A0026BCAD /* CoreFoundation.framework */ = {isa = PBXFileReference; lastKnownFileType = wrapper.framework; name = CoreFoundation.framework; path = System/Library/Frameworks/CoreFoundation.framework; sourceTree = SDKROOT; };
		3A8419C01A84B5220026BCAD /* SpringButton.h */ = {isa = PBXFileReference; fileEncoding = 4; lastKnownFileType = sourcecode.c.h; path = SpringButton.h; sourceTree = "<group>"; };
		3A8419C11A84B5220026BCAD /* SpringButton.m */ = {isa = PBXFileReference; fileEncoding = 4; lastKnownFileType = sourcecode.c.objc; path = SpringButton.m; sourceTree = "<group>"; };
		3A8419C31A84BC720026BCAD /* SpringImageView.h */ = {isa = PBXFileReference; fileEncoding = 4; lastKnownFileType = sourcecode.c.h; path = SpringImageView.h; sourceTree = "<group>"; };
		3A8419C41A84BC720026BCAD /* SpringImageView.m */ = {isa = PBXFileReference; fileEncoding = 4; lastKnownFileType = sourcecode.c.objc; path = SpringImageView.m; sourceTree = "<group>"; };
		3A8419C61A84BD2D0026BCAD /* SpringView.h */ = {isa = PBXFileReference; fileEncoding = 4; lastKnownFileType = sourcecode.c.h; path = SpringView.h; sourceTree = "<group>"; };
		3A8419C71A84BD2D0026BCAD /* SpringView.m */ = {isa = PBXFileReference; fileEncoding = 4; lastKnownFileType = sourcecode.c.objc; path = SpringView.m; sourceTree = "<group>"; };
		3AE451ED1A8848CC00989D19 /* LoadingView.xib */ = {isa = PBXFileReference; fileEncoding = 4; lastKnownFileType = file.xib; path = LoadingView.xib; sourceTree = "<group>"; };
		3AE451EF1A8848DE00989D19 /* LoadingView.h */ = {isa = PBXFileReference; fileEncoding = 4; lastKnownFileType = sourcecode.c.h; path = LoadingView.h; sourceTree = "<group>"; };
		3AE451F01A8848DE00989D19 /* LoadingView.m */ = {isa = PBXFileReference; fileEncoding = 4; lastKnownFileType = sourcecode.c.objc; path = LoadingView.m; sourceTree = "<group>"; };
		3AE451F21A884ABC00989D19 /* Misc.h */ = {isa = PBXFileReference; fileEncoding = 4; lastKnownFileType = sourcecode.c.h; path = Misc.h; sourceTree = "<group>"; };
		3AE451F31A884ABC00989D19 /* Misc.m */ = {isa = PBXFileReference; fileEncoding = 4; lastKnownFileType = sourcecode.c.objc; path = Misc.m; sourceTree = "<group>"; };
		3AE451F51A88507400989D19 /* SpringAnimation.h */ = {isa = PBXFileReference; fileEncoding = 4; lastKnownFileType = sourcecode.c.h; path = SpringAnimation.h; sourceTree = "<group>"; };
		3AE451F61A88507400989D19 /* SpringAnimation.m */ = {isa = PBXFileReference; fileEncoding = 4; lastKnownFileType = sourcecode.c.objc; path = SpringAnimation.m; sourceTree = "<group>"; };
		3AE451F81A88570400989D19 /* TransitionManager.h */ = {isa = PBXFileReference; fileEncoding = 4; lastKnownFileType = sourcecode.c.h; path = TransitionManager.h; sourceTree = "<group>"; };
		3AE451F91A88570400989D19 /* TransitionManager.m */ = {isa = PBXFileReference; fileEncoding = 4; lastKnownFileType = sourcecode.c.objc; path = TransitionManager.m; sourceTree = "<group>"; };
		3AE451FB1A88611500989D19 /* KeyboardLayoutConstraint.h */ = {isa = PBXFileReference; fileEncoding = 4; lastKnownFileType = sourcecode.c.h; path = KeyboardLayoutConstraint.h; sourceTree = "<group>"; };
		3AE451FC1A88611500989D19 /* KeyboardLayoutConstraint.m */ = {isa = PBXFileReference; fileEncoding = 4; lastKnownFileType = sourcecode.c.objc; path = KeyboardLayoutConstraint.m; sourceTree = "<group>"; };
		3AE451FE1A8864CE00989D19 /* TransitionZoom.h */ = {isa = PBXFileReference; fileEncoding = 4; lastKnownFileType = sourcecode.c.h; path = TransitionZoom.h; sourceTree = "<group>"; };
		3AE451FF1A8864CE00989D19 /* TransitionZoom.m */ = {isa = PBXFileReference; fileEncoding = 4; lastKnownFileType = sourcecode.c.objc; path = TransitionZoom.m; sourceTree = "<group>"; };
/* End PBXFileReference section */

/* Begin PBXFrameworksBuildPhase section */
		3A8419891A8485580026BCAD /* Frameworks */ = {
			isa = PBXFrameworksBuildPhase;
			buildActionMask = 2147483647;
			files = (
				3A8419BF1A84921A0026BCAD /* CoreFoundation.framework in Frameworks */,
				3A8419BC1A8487D50026BCAD /* QuartzCore.framework in Frameworks */,
				3A8419BA1A84860E0026BCAD /* CoreGraphics.framework in Frameworks */,
			);
			runOnlyForDeploymentPostprocessing = 0;
		};
		3A8419A21A8485580026BCAD /* Frameworks */ = {
			isa = PBXFrameworksBuildPhase;
			buildActionMask = 2147483647;
			files = (
			);
			runOnlyForDeploymentPostprocessing = 0;
		};
/* End PBXFrameworksBuildPhase section */

/* Begin PBXGroup section */
		3A8419831A8485580026BCAD = {
			isa = PBXGroup;
			children = (
				3A8419B51A84856E0026BCAD /* Spring_objc */,
				3A84198E1A8485580026BCAD /* SpringApp */,
				3A8419A81A8485580026BCAD /* SpringAppTests */,
				3A84198D1A8485580026BCAD /* Products */,
				3A8419BD1A8487E20026BCAD /* Frameworks */,
			);
			sourceTree = "<group>";
		};
		3A84198D1A8485580026BCAD /* Products */ = {
			isa = PBXGroup;
			children = (
				3A84198C1A8485580026BCAD /* SpringApp.app */,
				3A8419A51A8485580026BCAD /* SpringAppTests.xctest */,
			);
			name = Products;
			sourceTree = "<group>";
		};
		3A84198E1A8485580026BCAD /* SpringApp */ = {
			isa = PBXGroup;
			children = (
				3A8419931A8485580026BCAD /* AppDelegate.h */,
				3A8419941A8485580026BCAD /* AppDelegate.m */,
				3A8419961A8485580026BCAD /* ViewController.h */,
				3A8419971A8485580026BCAD /* ViewController.m */,
				3A8419991A8485580026BCAD /* Main.storyboard */,
				3A84199C1A8485580026BCAD /* Images.xcassets */,
				3A84199E1A8485580026BCAD /* LaunchScreen.xib */,
				3A84198F1A8485580026BCAD /* Supporting Files */,
			);
			path = SpringApp;
			sourceTree = "<group>";
		};
		3A84198F1A8485580026BCAD /* Supporting Files */ = {
			isa = PBXGroup;
			children = (
				3A8419901A8485580026BCAD /* Info.plist */,
				3A8419911A8485580026BCAD /* main.m */,
			);
			name = "Supporting Files";
			sourceTree = "<group>";
		};
		3A8419A81A8485580026BCAD /* SpringAppTests */ = {
			isa = PBXGroup;
			children = (
				3A8419AB1A8485580026BCAD /* SpringAppTests.m */,
				3A8419A91A8485580026BCAD /* Supporting Files */,
			);
			path = SpringAppTests;
			sourceTree = "<group>";
		};
		3A8419A91A8485580026BCAD /* Supporting Files */ = {
			isa = PBXGroup;
			children = (
				3A8419AA1A8485580026BCAD /* Info.plist */,
			);
			name = "Supporting Files";
			sourceTree = "<group>";
		};
		3A8419B51A84856E0026BCAD /* Spring_objc */ = {
			isa = PBXGroup;
			children = (
				3AE451ED1A8848CC00989D19 /* LoadingView.xib */,
				3AE451EF1A8848DE00989D19 /* LoadingView.h */,
				3AE451F01A8848DE00989D19 /* LoadingView.m */,
				3A8419B61A8485890026BCAD /* Spring.h */,
				3A8419B71A8485890026BCAD /* Spring.m */,
				3A8419C01A84B5220026BCAD /* SpringButton.h */,
				3A8419C11A84B5220026BCAD /* SpringButton.m */,
				3A8419C31A84BC720026BCAD /* SpringImageView.h */,
				3A8419C41A84BC720026BCAD /* SpringImageView.m */,
				3A8419C61A84BD2D0026BCAD /* SpringView.h */,
				3A8419C71A84BD2D0026BCAD /* SpringView.m */,
				3AE451F21A884ABC00989D19 /* Misc.h */,
				3AE451F31A884ABC00989D19 /* Misc.m */,
				3AE451F51A88507400989D19 /* SpringAnimation.h */,
				3AE451F61A88507400989D19 /* SpringAnimation.m */,
				3AE451F81A88570400989D19 /* TransitionManager.h */,
				3AE451F91A88570400989D19 /* TransitionManager.m */,
				3AE451FB1A88611500989D19 /* KeyboardLayoutConstraint.h */,
				3AE451FC1A88611500989D19 /* KeyboardLayoutConstraint.m */,
				3AE451FE1A8864CE00989D19 /* TransitionZoom.h */,
				3AE451FF1A8864CE00989D19 /* TransitionZoom.m */,
			);
			path = Spring_objc;
			sourceTree = "<group>";
		};
		3A8419BD1A8487E20026BCAD /* Frameworks */ = {
			isa = PBXGroup;
			children = (
				3A8419BE1A84921A0026BCAD /* CoreFoundation.framework */,
				3A8419BB1A8487D50026BCAD /* QuartzCore.framework */,
				3A8419B91A84860E0026BCAD /* CoreGraphics.framework */,
			);
			name = Frameworks;
			sourceTree = "<group>";
		};
/* End PBXGroup section */

/* Begin PBXNativeTarget section */
		3A84198B1A8485580026BCAD /* SpringApp */ = {
			isa = PBXNativeTarget;
			buildConfigurationList = 3A8419AF1A8485580026BCAD /* Build configuration list for PBXNativeTarget "SpringApp" */;
			buildPhases = (
				3A8419881A8485580026BCAD /* Sources */,
				3A8419891A8485580026BCAD /* Frameworks */,
				3A84198A1A8485580026BCAD /* Resources */,
			);
			buildRules = (
			);
			dependencies = (
			);
			name = SpringApp;
			productName = SpringApp;
			productReference = 3A84198C1A8485580026BCAD /* SpringApp.app */;
			productType = "com.apple.product-type.application";
		};
		3A8419A41A8485580026BCAD /* SpringAppTests */ = {
			isa = PBXNativeTarget;
			buildConfigurationList = 3A8419B21A8485580026BCAD /* Build configuration list for PBXNativeTarget "SpringAppTests" */;
			buildPhases = (
				3A8419A11A8485580026BCAD /* Sources */,
				3A8419A21A8485580026BCAD /* Frameworks */,
				3A8419A31A8485580026BCAD /* Resources */,
			);
			buildRules = (
			);
			dependencies = (
				3A8419A71A8485580026BCAD /* PBXTargetDependency */,
			);
			name = SpringAppTests;
			productName = SpringAppTests;
			productReference = 3A8419A51A8485580026BCAD /* SpringAppTests.xctest */;
			productType = "com.apple.product-type.bundle.unit-test";
		};
/* End PBXNativeTarget section */

/* Begin PBXProject section */
		3A8419841A8485580026BCAD /* Project object */ = {
			isa = PBXProject;
			attributes = {
				LastUpgradeCheck = 0610;
				ORGANIZATIONNAME = yooke;
				TargetAttributes = {
					3A84198B1A8485580026BCAD = {
						CreatedOnToolsVersion = 6.1.1;
					};
					3A8419A41A8485580026BCAD = {
						CreatedOnToolsVersion = 6.1.1;
						TestTargetID = 3A84198B1A8485580026BCAD;
					};
				};
			};
			buildConfigurationList = 3A8419871A8485580026BCAD /* Build configuration list for PBXProject "SpringApp" */;
			compatibilityVersion = "Xcode 3.2";
			developmentRegion = English;
			hasScannedForEncodings = 0;
			knownRegions = (
				en,
				Base,
			);
			mainGroup = 3A8419831A8485580026BCAD;
			productRefGroup = 3A84198D1A8485580026BCAD /* Products */;
			projectDirPath = "";
			projectRoot = "";
			targets = (
				3A84198B1A8485580026BCAD /* SpringApp */,
				3A8419A41A8485580026BCAD /* SpringAppTests */,
			);
		};
/* End PBXProject section */

/* Begin PBXResourcesBuildPhase section */
		3A84198A1A8485580026BCAD /* Resources */ = {
			isa = PBXResourcesBuildPhase;
			buildActionMask = 2147483647;
			files = (
				3A84199B1A8485580026BCAD /* Main.storyboard in Resources */,
				3AE451EE1A8848CC00989D19 /* LoadingView.xib in Resources */,
				3A8419A01A8485580026BCAD /* LaunchScreen.xib in Resources */,
				3A84199D1A8485580026BCAD /* Images.xcassets in Resources */,
			);
			runOnlyForDeploymentPostprocessing = 0;
		};
		3A8419A31A8485580026BCAD /* Resources */ = {
			isa = PBXResourcesBuildPhase;
			buildActionMask = 2147483647;
			files = (
			);
			runOnlyForDeploymentPostprocessing = 0;
		};
/* End PBXResourcesBuildPhase section */

/* Begin PBXSourcesBuildPhase section */
		3A8419881A8485580026BCAD /* Sources */ = {
			isa = PBXSourcesBuildPhase;
			buildActionMask = 2147483647;
			files = (
				3A8419981A8485580026BCAD /* ViewController.m in Sources */,
				3AE451FD1A88611500989D19 /* KeyboardLayoutConstraint.m in Sources */,
				3AE451F11A8848DE00989D19 /* LoadingView.m in Sources */,
				3A8419C51A84BC720026BCAD /* SpringImageView.m in Sources */,
				3AE451F41A884ABC00989D19 /* Misc.m in Sources */,
				3A8419951A8485580026BCAD /* AppDelegate.m in Sources */,
				3A8419C81A84BD2D0026BCAD /* SpringView.m in Sources */,
				3A8419B81A8485890026BCAD /* Spring.m in Sources */,
				3AE452001A8864CE00989D19 /* TransitionZoom.m in Sources */,
				3A8419C21A84B5220026BCAD /* SpringButton.m in Sources */,
				3AE451FA1A88570400989D19 /* TransitionManager.m in Sources */,
				3A8419921A8485580026BCAD /* main.m in Sources */,
				3AE451F71A88507400989D19 /* SpringAnimation.m in Sources */,
			);
			runOnlyForDeploymentPostprocessing = 0;
		};
		3A8419A11A8485580026BCAD /* Sources */ = {
			isa = PBXSourcesBuildPhase;
			buildActionMask = 2147483647;
			files = (
				3A8419AC1A8485580026BCAD /* SpringAppTests.m in Sources */,
			);
			runOnlyForDeploymentPostprocessing = 0;
		};
/* End PBXSourcesBuildPhase section */

/* Begin PBXTargetDependency section */
		3A8419A71A8485580026BCAD /* PBXTargetDependency */ = {
			isa = PBXTargetDependency;
			target = 3A84198B1A8485580026BCAD /* SpringApp */;
			targetProxy = 3A8419A61A8485580026BCAD /* PBXContainerItemProxy */;
		};
/* End PBXTargetDependency section */

/* Begin PBXVariantGroup section */
		3A8419991A8485580026BCAD /* Main.storyboard */ = {
			isa = PBXVariantGroup;
			children = (
				3A84199A1A8485580026BCAD /* Base */,
			);
			name = Main.storyboard;
			sourceTree = "<group>";
		};
		3A84199E1A8485580026BCAD /* LaunchScreen.xib */ = {
			isa = PBXVariantGroup;
			children = (
				3A84199F1A8485580026BCAD /* Base */,
			);
			name = LaunchScreen.xib;
			sourceTree = "<group>";
		};
/* End PBXVariantGroup section */

/* Begin XCBuildConfiguration section */
		3A8419AD1A8485580026BCAD /* Debug */ = {
			isa = XCBuildConfiguration;
			buildSettings = {
				ALWAYS_SEARCH_USER_PATHS = NO;
				CLANG_CXX_LANGUAGE_STANDARD = "gnu++0x";
				CLANG_CXX_LIBRARY = "libc++";
				CLANG_ENABLE_MODULES = YES;
				CLANG_ENABLE_OBJC_ARC = YES;
				CLANG_WARN_BOOL_CONVERSION = YES;
				CLANG_WARN_CONSTANT_CONVERSION = YES;
				CLANG_WARN_DIRECT_OBJC_ISA_USAGE = YES_ERROR;
				CLANG_WARN_EMPTY_BODY = YES;
				CLANG_WARN_ENUM_CONVERSION = YES;
				CLANG_WARN_INT_CONVERSION = YES;
				CLANG_WARN_OBJC_ROOT_CLASS = YES_ERROR;
				CLANG_WARN_UNREACHABLE_CODE = YES;
				CLANG_WARN__DUPLICATE_METHOD_MATCH = YES;
				"CODE_SIGN_IDENTITY[sdk=iphoneos*]" = "iPhone Developer";
				COPY_PHASE_STRIP = NO;
				ENABLE_STRICT_OBJC_MSGSEND = YES;
				GCC_C_LANGUAGE_STANDARD = gnu99;
				GCC_DYNAMIC_NO_PIC = NO;
				GCC_OPTIMIZATION_LEVEL = 0;
				GCC_PREPROCESSOR_DEFINITIONS = (
					"DEBUG=1",
					"$(inherited)",
				);
				GCC_SYMBOLS_PRIVATE_EXTERN = NO;
				GCC_WARN_64_TO_32_BIT_CONVERSION = YES;
				GCC_WARN_ABOUT_RETURN_TYPE = YES_ERROR;
				GCC_WARN_UNDECLARED_SELECTOR = YES;
				GCC_WARN_UNINITIALIZED_AUTOS = YES_AGGRESSIVE;
				GCC_WARN_UNUSED_FUNCTION = YES;
				GCC_WARN_UNUSED_VARIABLE = YES;
				IPHONEOS_DEPLOYMENT_TARGET = 8.1;
				MTL_ENABLE_DEBUG_INFO = YES;
				ONLY_ACTIVE_ARCH = YES;
				SDKROOT = iphoneos;
				TARGETED_DEVICE_FAMILY = "1,2";
			};
			name = Debug;
		};
		3A8419AE1A8485580026BCAD /* Release */ = {
			isa = XCBuildConfiguration;
			buildSettings = {
				ALWAYS_SEARCH_USER_PATHS = NO;
				CLANG_CXX_LANGUAGE_STANDARD = "gnu++0x";
				CLANG_CXX_LIBRARY = "libc++";
				CLANG_ENABLE_MODULES = YES;
				CLANG_ENABLE_OBJC_ARC = YES;
				CLANG_WARN_BOOL_CONVERSION = YES;
				CLANG_WARN_CONSTANT_CONVERSION = YES;
				CLANG_WARN_DIRECT_OBJC_ISA_USAGE = YES_ERROR;
				CLANG_WARN_EMPTY_BODY = YES;
				CLANG_WARN_ENUM_CONVERSION = YES;
				CLANG_WARN_INT_CONVERSION = YES;
				CLANG_WARN_OBJC_ROOT_CLASS = YES_ERROR;
				CLANG_WARN_UNREACHABLE_CODE = YES;
				CLANG_WARN__DUPLICATE_METHOD_MATCH = YES;
				"CODE_SIGN_IDENTITY[sdk=iphoneos*]" = "iPhone Developer";
				COPY_PHASE_STRIP = YES;
				ENABLE_NS_ASSERTIONS = NO;
				ENABLE_STRICT_OBJC_MSGSEND = YES;
				GCC_C_LANGUAGE_STANDARD = gnu99;
				GCC_WARN_64_TO_32_BIT_CONVERSION = YES;
				GCC_WARN_ABOUT_RETURN_TYPE = YES_ERROR;
				GCC_WARN_UNDECLARED_SELECTOR = YES;
				GCC_WARN_UNINITIALIZED_AUTOS = YES_AGGRESSIVE;
				GCC_WARN_UNUSED_FUNCTION = YES;
				GCC_WARN_UNUSED_VARIABLE = YES;
				IPHONEOS_DEPLOYMENT_TARGET = 8.1;
				MTL_ENABLE_DEBUG_INFO = NO;
				SDKROOT = iphoneos;
				TARGETED_DEVICE_FAMILY = "1,2";
				VALIDATE_PRODUCT = YES;
			};
			name = Release;
		};
		3A8419B01A8485580026BCAD /* Debug */ = {
			isa = XCBuildConfiguration;
			buildSettings = {
				ASSETCATALOG_COMPILER_APPICON_NAME = AppIcon;
				INFOPLIST_FILE = SpringApp/Info.plist;
				LD_RUNPATH_SEARCH_PATHS = "$(inherited) @executable_path/Frameworks";
				PRODUCT_NAME = "$(TARGET_NAME)";
			};
			name = Debug;
		};
		3A8419B11A8485580026BCAD /* Release */ = {
			isa = XCBuildConfiguration;
			buildSettings = {
				ASSETCATALOG_COMPILER_APPICON_NAME = AppIcon;
				INFOPLIST_FILE = SpringApp/Info.plist;
				LD_RUNPATH_SEARCH_PATHS = "$(inherited) @executable_path/Frameworks";
				PRODUCT_NAME = "$(TARGET_NAME)";
			};
			name = Release;
		};
		3A8419B31A8485580026BCAD /* Debug */ = {
			isa = XCBuildConfiguration;
			buildSettings = {
				BUNDLE_LOADER = "$(TEST_HOST)";
				FRAMEWORK_SEARCH_PATHS = (
					"$(SDKROOT)/Developer/Library/Frameworks",
					"$(inherited)",
				);
				GCC_PREPROCESSOR_DEFINITIONS = (
					"DEBUG=1",
					"$(inherited)",
				);
				INFOPLIST_FILE = SpringAppTests/Info.plist;
				LD_RUNPATH_SEARCH_PATHS = "$(inherited) @executable_path/Frameworks @loader_path/Frameworks";
				PRODUCT_NAME = "$(TARGET_NAME)";
				TEST_HOST = "$(BUILT_PRODUCTS_DIR)/SpringApp.app/SpringApp";
			};
			name = Debug;
		};
		3A8419B41A8485580026BCAD /* Release */ = {
			isa = XCBuildConfiguration;
			buildSettings = {
				BUNDLE_LOADER = "$(TEST_HOST)";
				FRAMEWORK_SEARCH_PATHS = (
					"$(SDKROOT)/Developer/Library/Frameworks",
					"$(inherited)",
				);
				INFOPLIST_FILE = SpringAppTests/Info.plist;
				LD_RUNPATH_SEARCH_PATHS = "$(inherited) @executable_path/Frameworks @loader_path/Frameworks";
				PRODUCT_NAME = "$(TARGET_NAME)";
				TEST_HOST = "$(BUILT_PRODUCTS_DIR)/SpringApp.app/SpringApp";
			};
			name = Release;
		};
/* End XCBuildConfiguration section */

/* Begin XCConfigurationList section */
		3A8419871A8485580026BCAD /* Build configuration list for PBXProject "SpringApp" */ = {
			isa = XCConfigurationList;
			buildConfigurations = (
				3A8419AD1A8485580026BCAD /* Debug */,
				3A8419AE1A8485580026BCAD /* Release */,
			);
			defaultConfigurationIsVisible = 0;
			defaultConfigurationName = Release;
		};
		3A8419AF1A8485580026BCAD /* Build configuration list for PBXNativeTarget "SpringApp" */ = {
			isa = XCConfigurationList;
			buildConfigurations = (
				3A8419B01A8485580026BCAD /* Debug */,
				3A8419B11A8485580026BCAD /* Release */,
			);
			defaultConfigurationIsVisible = 0;
			defaultConfigurationName = Release;
		};
		3A8419B21A8485580026BCAD /* Build configuration list for PBXNativeTarget "SpringAppTests" */ = {
			isa = XCConfigurationList;
			buildConfigurations = (
				3A8419B31A8485580026BCAD /* Debug */,
				3A8419B41A8485580026BCAD /* Release */,
			);
			defaultConfigurationIsVisible = 0;
			defaultConfigurationName = Release;
		};
/* End XCConfigurationList section */
	};
	rootObject = 3A8419841A8485580026BCAD /* Project object */;
}
